<?xml version="1.0" encoding="UTF-8" standalone="yes" ?>
<CodeBlocks_project_file>
	<FileVersion major="1" minor="6" />
	<Project>
		<Option title="SDL2_Bitmap" />
		<Option pch_mode="2" />
		<Option compiler="gcc" />
		<Build>
			<Target title="Debug">
				<Option output="bin/Debug/SDL2_Bitmap" prefix_auto="1" extension_auto="1" />
				<Option object_output="obj/Debug/" />
				<Option type="1" />
				<Option compiler="gcc" />
				<Option use_console_runner="0" />
				<Compiler>
					<Add option="-g" />
				</Compiler>
			</Target>
			<Target title="Release">
				<Option output="bin/Release/SDL2_Bitmap" prefix_auto="1" extension_auto="1" />
				<Option object_output="obj/Release/" />
				<Option type="1" />
				<Option compiler="gcc" />
				<Option use_console_runner="0" />
				<Compiler>
					<Add option="-O2" />
				</Compiler>
				<Linker>
					<Add option="-s" />
				</Linker>
			</Target>
		</Build>
		<Compiler>
			<Add option="-Wall" />
			<Add directory="../../SDL/2.05/i686-w64-mingw32/include" />
			<Add directory="../../SDL/SDL_Image_2.0.1/include" />
			<Add directory="../../SDL/SDL2_ttf-2.0.14/i686-w64-mingw32/include" />
		</Compiler>
		<Linker>
			<Add option="-lmingw32" />
			<Add library="../../SDL/2.05/i686-w64-mingw32/lib/libSDL2main.a" />
			<Add library="../../SDL/2.05/i686-w64-mingw32/lib/libSDL2.dll.a" />
			<Add library="../../SDL/SDL_Image_2.0.1/lib/libSDL2_image.dll.a" />
			<Add library="../../SDL/SDL2_ttf-2.0.14/i686-w64-mingw32/lib/libSDL2_ttf.dll.a" />
			<Add directory="../../SDL/2.05/i686-w64-mingw32/lib" />
			<Add directory="../../SDL/SDL_Image_2.0.1/lib" />
			<Add directory="../../SDL/SDL2_ttf-2.0.14/i686-w64-mingw32/lib" />
		</Linker>
		<Unit filename="collision.c">
			<Option compilerVar="CC" />
			<Option target="&lt;{~None~}&gt;" />
		</Unit>
		<Unit filename="control.c">
			<Option compilerVar="CPP" />
			<Option compile="0" />
			<Option link="0" />
			<Option target="&lt;{~None~}&gt;" />
		</Unit>
		<Unit filename="createbloc.c">
			<Option compilerVar="CC" />
			<Option target="&lt;{~None~}&gt;" />
		</Unit>
		<Unit filename="endgame.c">
			<Option compilerVar="CC" />
			<Option target="&lt;{~None~}&gt;" />
		</Unit>
		<Unit filename="globalfunction.c">
			<Option compilerVar="CC" />
			<Option target="&lt;{~None~}&gt;" />
		</Unit>
		<Unit filename="header.h">
			<Option target="&lt;{~None~}&gt;" />
		</Unit>
		<Unit filename="main.c">
			<Option compilerVar="CC" />
		</Unit>
		<Unit filename="padballwall.c">
			<Option compilerVar="CC" />
			<Option target="&lt;{~None~}&gt;" />
		</Unit>
		<Unit filename="prototype.h">
			<Option target="&lt;{~None~}&gt;" />
		</Unit>
		<Unit filename="struct.h">
			<Option target="&lt;{~None~}&gt;" />
		</Unit>
		<Unit filename="texte.c">
			<Option compilerVar="CC" />
			<Option target="&lt;{~None~}&gt;" />
		</Unit>
		<Extensions>
			<code_completion />
			<envvars />
			<debugger />
			<lib_finder disable_auto="1" />
		</Extensions>
	</Project>
</CodeBlocks_project_file>
